
Microsoft Visual Studio Solution File, Format Version 12.00
# Visual Studio Version 16
VisualStudioVersion = 16.0.32602.291
MinimumVisualStudioVersion = 10.0.40219.1
Project("{FAE04EC0-301F-11D3-BF4B-00C04F79EFBC}") = "PiTPT2.1Kosov", "PiTPT2.1Kosov\PiTPT2.1Kosov.csproj", "{D10AFDAF-906B-4A7F-94FA-5A5E102D0FAE}"
EndProject
Global
	GlobalSection(SolutionConfigurationPlatforms) = preSolution
		Debug|Any CPU = Debug|Any CPU
		Release|Any CPU = Release|Any CPU
	EndGlobalSection
	GlobalSection(ProjectConfigurationPlatforms) = postSolution
		{D10AFDAF-906B-4A7F-94FA-5A5E102D0FAE}.Debug|Any CPU.ActiveCfg = Debug|Any CPU
		{D10AFDAF-906B-4A7F-94FA-5A5E102D0FAE}.Debug|Any CPU.Build.0 = Debug|Any CPU
		{D10AFDAF-906B-4A7F-94FA-5A5E102D0FAE}.Release|Any CPU.ActiveCfg = Release|Any CPU
		{D10AFDAF-906B-4A7F-94FA-5A5E102D0FAE}.Release|Any CPU.Build.0 = Release|Any CPU
	EndGlobalSection
	GlobalSection(SolutionProperties) = preSolution
		HideSolutionNode = FALSE
	EndGlobalSection
	GlobalSection(ExtensibilityGlobals) = postSolution
		SolutionGuid = {F95BFD4B-A2F5-4302-9A51-ED23720157C4}
	EndGlobalSection
EndGlobal
